
Microsoft Visual Studio Solution File, Format Version 12.00
# Visual Studio Version 17
VisualStudioVersion = 17.10.35122.118
MinimumVisualStudioVersion = 10.0.40219.1
Project("{FAE04EC0-301F-11D3-BF4B-00C04F79EFBC}") = "WindowsFormsApp1", "WindowsFormsApp1.csproj", "{97C537AE-644E-4C18-92D3-3E993D9884A1}"
EndProject
Global
	GlobalSection(SolutionConfigurationPlatforms) = preSolution
		Debug|Any CPU = Debug|Any CPU
		Release|Any CPU = Release|Any CPU
	EndGlobalSection
	GlobalSection(ProjectConfigurationPlatforms) = postSolution
		{97C537AE-644E-4C18-92D3-3E993D9884A1}.Debug|Any CPU.ActiveCfg = Debug|Any CPU
		{97C537AE-644E-4C18-92D3-3E993D9884A1}.Debug|Any CPU.Build.0 = Debug|Any CPU
		{97C537AE-644E-4C18-92D3-3E993D9884A1}.Release|Any CPU.ActiveCfg = Release|Any CPU
		{97C537AE-644E-4C18-92D3-3E993D9884A1}.Release|Any CPU.Build.0 = Release|Any CPU
	EndGlobalSection
	GlobalSection(SolutionProperties) = preSolution
		HideSolutionNode = FALSE
	EndGlobalSection
	GlobalSection(ExtensibilityGlobals) = postSolution
		SolutionGuid = {75D17AD3-5D89-410B-8E42-3764CEDB3516}
	EndGlobalSection
EndGlobal
